
Microsoft Visual Studio Solution File, Format Version 12.00
Project("{FAE04EC0-301F-11D3-BF4B-00C04F79EFBC}") = "CryptoAnalyzerCore", "CryptoAnalyzerCore\CryptoAnalyzerCore.csproj", "{9C7DB3F3-BDEB-48D3-982D-D83CC31EF942}"
EndProject
Project("{FAE04EC0-301F-11D3-BF4B-00C04F79EFBC}") = "CryptoAnalyzerWebUI", "CryptoAnalyzerWebUI\CryptoAnalyzerWebUI.csproj", "{F9719D19-B372-43A7-A266-408A58420559}"
EndProject
Global
	GlobalSection(SolutionConfigurationPlatforms) = preSolution
		Debug|Any CPU = Debug|Any CPU
		Release|Any CPU = Release|Any CPU
	EndGlobalSection
	GlobalSection(ProjectConfigurationPlatforms) = postSolution
		{9C7DB3F3-BDEB-48D3-982D-D83CC31EF942}.Debug|Any CPU.ActiveCfg = Debug|Any CPU
		{9C7DB3F3-BDEB-48D3-982D-D83CC31EF942}.Debug|Any CPU.Build.0 = Debug|Any CPU
		{9C7DB3F3-BDEB-48D3-982D-D83CC31EF942}.Release|Any CPU.ActiveCfg = Release|Any CPU
		{9C7DB3F3-BDEB-48D3-982D-D83CC31EF942}.Release|Any CPU.Build.0 = Release|Any CPU
		{F9719D19-B372-43A7-A266-408A58420559}.Debug|Any CPU.ActiveCfg = Debug|Any CPU
		{F9719D19-B372-43A7-A266-408A58420559}.Debug|Any CPU.Build.0 = Debug|Any CPU
		{F9719D19-B372-43A7-A266-408A58420559}.Release|Any CPU.ActiveCfg = Release|Any CPU
		{F9719D19-B372-43A7-A266-408A58420559}.Release|Any CPU.Build.0 = Release|Any CPU
	EndGlobalSection
EndGlobal
